// !$*UTF8*$!
{
	archiveVersion = 1;
	classes = {
	};
	objectVersion = 55;
	objects = {

/* Begin PBXBuildFile section */
		447A638327A6B93700230E70 /* PhotoCollectionViewCell.swift in Sources */ = {isa = PBXBuildFile; fileRef = 447A638127A6B93700230E70 /* PhotoCollectionViewCell.swift */; };
		447A638427A6B93700230E70 /* PhotoCollectionViewCell.xib in Resources */ = {isa = PBXBuildFile; fileRef = 447A638227A6B93700230E70 /* PhotoCollectionViewCell.xib */; };
		447A638627A6E58700230E70 /* PhotoViewModel.swift in Sources */ = {isa = PBXBuildFile; fileRef = 447A638527A6E58700230E70 /* PhotoViewModel.swift */; };
		44B9403627A8185600CD42C2 /* Error.swift in Sources */ = {isa = PBXBuildFile; fileRef = 44B9403527A8185600CD42C2 /* Error.swift */; };
		44B9403827A8186100CD42C2 /* Response.swift in Sources */ = {isa = PBXBuildFile; fileRef = 44B9403727A8186100CD42C2 /* Response.swift */; };
		44B9403A27A8227500CD42C2 /* Searched.swift in Sources */ = {isa = PBXBuildFile; fileRef = 44B9403927A8227500CD42C2 /* Searched.swift */; };
		44B9403C27A84D4E00CD42C2 /* HistoryTableViewController.swift in Sources */ = {isa = PBXBuildFile; fileRef = 44B9403B27A84D4E00CD42C2 /* HistoryTableViewController.swift */; };
		44B9403E27A84D7900CD42C2 /* HistoryViewModel.swift in Sources */ = {isa = PBXBuildFile; fileRef = 44B9403D27A84D7900CD42C2 /* HistoryViewModel.swift */; };
		44BC5A4B27AAAAD20046E491 /* Assets.xcassets in Resources */ = {isa = PBXBuildFile; fileRef = 44BC5A4A27AAAAD20046E491 /* Assets.xcassets */; };
		44BC5A4D27AB2BF70046E491 /* DetailImageViewController.swift in Sources */ = {isa = PBXBuildFile; fileRef = 44BC5A4C27AB2BF70046E491 /* DetailImageViewController.swift */; };
		44C3307C27A594E80063D503 /* AppDelegate.swift in Sources */ = {isa = PBXBuildFile; fileRef = 44C3307B27A594E80063D503 /* AppDelegate.swift */; };
		44C3307E27A594E80063D503 /* SceneDelegate.swift in Sources */ = {isa = PBXBuildFile; fileRef = 44C3307D27A594E80063D503 /* SceneDelegate.swift */; };
		44C3308027A594E80063D503 /* HomeViewController.swift in Sources */ = {isa = PBXBuildFile; fileRef = 44C3307F27A594E80063D503 /* HomeViewController.swift */; };
		44C3308327A594E80063D503 /* Main.storyboard in Resources */ = {isa = PBXBuildFile; fileRef = 44C3308127A594E80063D503 /* Main.storyboard */; };
		44C3308627A594E80063D503 /* CodingChallenge.xcdatamodeld in Sources */ = {isa = PBXBuildFile; fileRef = 44C3308427A594E80063D503 /* CodingChallenge.xcdatamodeld */; };
		44C3308B27A594EE0063D503 /* LaunchScreen.storyboard in Resources */ = {isa = PBXBuildFile; fileRef = 44C3308927A594EE0063D503 /* LaunchScreen.storyboard */; };
		44C3309627A594EF0063D503 /* CodingChallengeTests.swift in Sources */ = {isa = PBXBuildFile; fileRef = 44C3309527A594EF0063D503 /* CodingChallengeTests.swift */; };
		44C330A027A594EF0063D503 /* CodingChallengeUITests.swift in Sources */ = {isa = PBXBuildFile; fileRef = 44C3309F27A594EF0063D503 /* CodingChallengeUITests.swift */; };
		44C330A227A594EF0063D503 /* CodingChallengeUITestsLaunchTests.swift in Sources */ = {isa = PBXBuildFile; fileRef = 44C330A127A594EF0063D503 /* CodingChallengeUITestsLaunchTests.swift */; };
		44C330B027A595FA0063D503 /* API.swift in Sources */ = {isa = PBXBuildFile; fileRef = 44C330AF27A595FA0063D503 /* API.swift */; };
		44C330B327A5A9590063D503 /* Photo.swift in Sources */ = {isa = PBXBuildFile; fileRef = 44C330B227A5A9590063D503 /* Photo.swift */; };
/* End PBXBuildFile section */

/* Begin PBXContainerItemProxy section */
		44C3309227A594EF0063D503 /* PBXContainerItemProxy */ = {
			isa = PBXContainerItemProxy;
			containerPortal = 44C3307027A594E80063D503 /* Project object */;
			proxyType = 1;
			remoteGlobalIDString = 44C3307727A594E80063D503;
			remoteInfo = CodingChallenge;
		};
		44C3309C27A594EF0063D503 /* PBXContainerItemProxy */ = {
			isa = PBXContainerItemProxy;
			containerPortal = 44C3307027A594E80063D503 /* Project object */;
			proxyType = 1;
			remoteGlobalIDString = 44C3307727A594E80063D503;
			remoteInfo = CodingChallenge;
		};
/* End PBXContainerItemProxy section */

/* Begin PBXFileReference section */
		447A638127A6B93700230E70 /* PhotoCollectionViewCell.swift */ = {isa = PBXFileReference; lastKnownFileType = sourcecode.swift; path = PhotoCollectionViewCell.swift; sourceTree = "<group>"; };
		447A638227A6B93700230E70 /* PhotoCollectionViewCell.xib */ = {isa = PBXFileReference; lastKnownFileType = file.xib; path = PhotoCollectionViewCell.xib; sourceTree = "<group>"; };
		447A638527A6E58700230E70 /* PhotoViewModel.swift */ = {isa = PBXFileReference; lastKnownFileType = sourcecode.swift; path = PhotoViewModel.swift; sourceTree = "<group>"; };
		44B9403527A8185600CD42C2 /* Error.swift */ = {isa = PBXFileReference; lastKnownFileType = sourcecode.swift; path = Error.swift; sourceTree = "<group>"; };
		44B9403727A8186100CD42C2 /* Response.swift */ = {isa = PBXFileReference; lastKnownFileType = sourcecode.swift; path = Response.swift; sourceTree = "<group>"; };
		44B9403927A8227500CD42C2 /* Searched.swift */ = {isa = PBXFileReference; lastKnownFileType = sourcecode.swift; path = Searched.swift; sourceTree = "<group>"; };
		44B9403B27A84D4E00CD42C2 /* HistoryTableViewController.swift */ = {isa = PBXFileReference; lastKnownFileType = sourcecode.swift; path = HistoryTableViewController.swift; sourceTree = "<group>"; };
		44B9403D27A84D7900CD42C2 /* HistoryViewModel.swift */ = {isa = PBXFileReference; lastKnownFileType = sourcecode.swift; path = HistoryViewModel.swift; sourceTree = "<group>"; };
		44BC5A4A27AAAAD20046E491 /* Assets.xcassets */ = {isa = PBXFileReference; lastKnownFileType = folder.assetcatalog; path = Assets.xcassets; sourceTree = "<group>"; };
		44BC5A4C27AB2BF70046E491 /* DetailImageViewController.swift */ = {isa = PBXFileReference; lastKnownFileType = sourcecode.swift; path = DetailImageViewController.swift; sourceTree = "<group>"; };
		44C3307827A594E80063D503 /* CodingChallenge.app */ = {isa = PBXFileReference; explicitFileType = wrapper.application; includeInIndex = 0; path = CodingChallenge.app; sourceTree = BUILT_PRODUCTS_DIR; };
		44C3307B27A594E80063D503 /* AppDelegate.swift */ = {isa = PBXFileReference; lastKnownFileType = sourcecode.swift; path = AppDelegate.swift; sourceTree = "<group>"; };
		44C3307D27A594E80063D503 /* SceneDelegate.swift */ = {isa = PBXFileReference; lastKnownFileType = sourcecode.swift; path = SceneDelegate.swift; sourceTree = "<group>"; };
		44C3307F27A594E80063D503 /* HomeViewController.swift */ = {isa = PBXFileReference; lastKnownFileType = sourcecode.swift; path = HomeViewController.swift; sourceTree = "<group>"; };
		44C3308227A594E80063D503 /* Base */ = {isa = PBXFileReference; lastKnownFileType = file.storyboard; name = Base; path = Base.lproj/Main.storyboard; sourceTree = "<group>"; };
		44C3308527A594E80063D503 /* CodingChallenge.xcdatamodel */ = {isa = PBXFileReference; lastKnownFileType = wrapper.xcdatamodel; path = CodingChallenge.xcdatamodel; sourceTree = "<group>"; };
		44C3308A27A594EE0063D503 /* Base */ = {isa = PBXFileReference; lastKnownFileType = file.storyboard; name = Base; path = Base.lproj/LaunchScreen.storyboard; sourceTree = "<group>"; };
		44C3308C27A594EE0063D503 /* Info.plist */ = {isa = PBXFileReference; lastKnownFileType = text.plist.xml; path = Info.plist; sourceTree = "<group>"; };
		44C3309127A594EF0063D503 /* CodingChallengeTests.xctest */ = {isa = PBXFileReference; explicitFileType = wrapper.cfbundle; includeInIndex = 0; path = CodingChallengeTests.xctest; sourceTree = BUILT_PRODUCTS_DIR; };
		44C3309527A594EF0063D503 /* CodingChallengeTests.swift */ = {isa = PBXFileReference; lastKnownFileType = sourcecode.swift; path = CodingChallengeTests.swift; sourceTree = "<group>"; };
		44C3309B27A594EF0063D503 /* CodingChallengeUITests.xctest */ = {isa = PBXFileReference; explicitFileType = wrapper.cfbundle; includeInIndex = 0; path = CodingChallengeUITests.xctest; sourceTree = BUILT_PRODUCTS_DIR; };
		44C3309F27A594EF0063D503 /* CodingChallengeUITests.swift */ = {isa = PBXFileReference; lastKnownFileType = sourcecode.swift; path = CodingChallengeUITests.swift; sourceTree = "<group>"; };
		44C330A127A594EF0063D503 /* CodingChallengeUITestsLaunchTests.swift */ = {isa = PBXFileReference; lastKnownFileType = sourcecode.swift; path = CodingChallengeUITestsLaunchTests.swift; sourceTree = "<group>"; };
		44C330AF27A595FA0063D503 /* API.swift */ = {isa = PBXFileReference; lastKnownFileType = sourcecode.swift; path = API.swift; sourceTree = "<group>"; };
		44C330B227A5A9590063D503 /* Photo.swift */ = {isa = PBXFileReference; lastKnownFileType = sourcecode.swift; path = Photo.swift; sourceTree = "<group>"; };
/* End PBXFileReference section */

/* Begin PBXFrameworksBuildPhase section */
		44C3307527A594E80063D503 /* Frameworks */ = {
			isa = PBXFrameworksBuildPhase;
			buildActionMask = 2147483647;
			files = (
			);
			runOnlyForDeploymentPostprocessing = 0;
		};
		44C3308E27A594EF0063D503 /* Frameworks */ = {
			isa = PBXFrameworksBuildPhase;
			buildActionMask = 2147483647;
			files = (
			);
			runOnlyForDeploymentPostprocessing = 0;
		};
		44C3309827A594EF0063D503 /* Frameworks */ = {
			isa = PBXFrameworksBuildPhase;
			buildActionMask = 2147483647;
			files = (
			);
			runOnlyForDeploymentPostprocessing = 0;
		};
/* End PBXFrameworksBuildPhase section */

/* Begin PBXGroup section */
		447A638027A6B91600230E70 /* View */ = {
			isa = PBXGroup;
			children = (
				447A638127A6B93700230E70 /* PhotoCollectionViewCell.swift */,
				44C3307F27A594E80063D503 /* HomeViewController.swift */,
				44B9403B27A84D4E00CD42C2 /* HistoryTableViewController.swift */,
				44BC5A4C27AB2BF70046E491 /* DetailImageViewController.swift */,
				447A638227A6B93700230E70 /* PhotoCollectionViewCell.xib */,
				44C3308127A594E80063D503 /* Main.storyboard */,
				44C3308927A594EE0063D503 /* LaunchScreen.storyboard */,
			);
			path = View;
			sourceTree = "<group>";
		};
		44B9403427A7F82A00CD42C2 /* ViewModel */ = {
			isa = PBXGroup;
			children = (
				447A638527A6E58700230E70 /* PhotoViewModel.swift */,
				44B9403D27A84D7900CD42C2 /* HistoryViewModel.swift */,
			);
			path = ViewModel;
			sourceTree = "<group>";
		};
		44C3306F27A594E80063D503 = {
			isa = PBXGroup;
			children = (
				44C3307A27A594E80063D503 /* CodingChallenge */,
				44C3309427A594EF0063D503 /* CodingChallengeTests */,
				44C3309E27A594EF0063D503 /* CodingChallengeUITests */,
				44C3307927A594E80063D503 /* Products */,
			);
			sourceTree = "<group>";
		};
		44C3307927A594E80063D503 /* Products */ = {
			isa = PBXGroup;
			children = (
				44C3307827A594E80063D503 /* CodingChallenge.app */,
				44C3309127A594EF0063D503 /* CodingChallengeTests.xctest */,
				44C3309B27A594EF0063D503 /* CodingChallengeUITests.xctest */,
			);
			name = Products;
			sourceTree = "<group>";
		};
		44C3307A27A594E80063D503 /* CodingChallenge */ = {
			isa = PBXGroup;
			children = (
				44B9403427A7F82A00CD42C2 /* ViewModel */,
				447A638027A6B91600230E70 /* View */,
				44C330B127A5A9370063D503 /* Model */,
				44C330AE27A595DD0063D503 /* Network */,
				44C3307B27A594E80063D503 /* AppDelegate.swift */,
				44BC5A4A27AAAAD20046E491 /* Assets.xcassets */,
				44C3307D27A594E80063D503 /* SceneDelegate.swift */,
				44C3308C27A594EE0063D503 /* Info.plist */,
			);
			path = CodingChallenge;
			sourceTree = "<group>";
		};
		44C3309427A594EF0063D503 /* CodingChallengeTests */ = {
			isa = PBXGroup;
			children = (
				44C3309527A594EF0063D503 /* CodingChallengeTests.swift */,
			);
			path = CodingChallengeTests;
			sourceTree = "<group>";
		};
		44C3309E27A594EF0063D503 /* CodingChallengeUITests */ = {
			isa = PBXGroup;
			children = (
				44C3309F27A594EF0063D503 /* CodingChallengeUITests.swift */,
				44C330A127A594EF0063D503 /* CodingChallengeUITestsLaunchTests.swift */,
			);
			path = CodingChallengeUITests;
			sourceTree = "<group>";
		};
		44C330AE27A595DD0063D503 /* Network */ = {
			isa = PBXGroup;
			children = (
				44C330AF27A595FA0063D503 /* API.swift */,
			);
			path = Network;
			sourceTree = "<group>";
		};
		44C330B127A5A9370063D503 /* Model */ = {
			isa = PBXGroup;
			children = (
				44C330B227A5A9590063D503 /* Photo.swift */,
				44B9403527A8185600CD42C2 /* Error.swift */,
				44B9403727A8186100CD42C2 /* Response.swift */,
				44C3308427A594E80063D503 /* CodingChallenge.xcdatamodeld */,
				44B9403927A8227500CD42C2 /* Searched.swift */,
			);
			path = Model;
			sourceTree = "<group>";
		};
/* End PBXGroup section */

/* Begin PBXNativeTarget section */
		44C3307727A594E80063D503 /* CodingChallenge */ = {
			isa = PBXNativeTarget;
			buildConfigurationList = 44C330A527A594EF0063D503 /* Build configuration list for PBXNativeTarget "CodingChallenge" */;
			buildPhases = (
				44C3307427A594E80063D503 /* Sources */,
				44C3307527A594E80063D503 /* Frameworks */,
				44C3307627A594E80063D503 /* Resources */,
			);
			buildRules = (
			);
			dependencies = (
			);
			name = CodingChallenge;
			productName = CodingChallenge;
			productReference = 44C3307827A594E80063D503 /* CodingChallenge.app */;
			productType = "com.apple.product-type.application";
		};
		44C3309027A594EF0063D503 /* CodingChallengeTests */ = {
			isa = PBXNativeTarget;
			buildConfigurationList = 44C330A827A594EF0063D503 /* Build configuration list for PBXNativeTarget "CodingChallengeTests" */;
			buildPhases = (
				44C3308D27A594EF0063D503 /* Sources */,
				44C3308E27A594EF0063D503 /* Frameworks */,
				44C3308F27A594EF0063D503 /* Resources */,
			);
			buildRules = (
			);
			dependencies = (
				44C3309327A594EF0063D503 /* PBXTargetDependency */,
			);
			name = CodingChallengeTests;
			productName = CodingChallengeTests;
			productReference = 44C3309127A594EF0063D503 /* CodingChallengeTests.xctest */;
			productType = "com.apple.product-type.bundle.unit-test";
		};
		44C3309A27A594EF0063D503 /* CodingChallengeUITests */ = {
			isa = PBXNativeTarget;
			buildConfigurationList = 44C330AB27A594EF0063D503 /* Build configuration list for PBXNativeTarget "CodingChallengeUITests" */;
			buildPhases = (
				44C3309727A594EF0063D503 /* Sources */,
				44C3309827A594EF0063D503 /* Frameworks */,
				44C3309927A594EF0063D503 /* Resources */,
			);
			buildRules = (
			);
			dependencies = (
				44C3309D27A594EF0063D503 /* PBXTargetDependency */,
			);
			name = CodingChallengeUITests;
			productName = CodingChallengeUITests;
			productReference = 44C3309B27A594EF0063D503 /* CodingChallengeUITests.xctest */;
			productType = "com.apple.product-type.bundle.ui-testing";
		};
/* End PBXNativeTarget section */

/* Begin PBXProject section */
		44C3307027A594E80063D503 /* Project object */ = {
			isa = PBXProject;
			attributes = {
				BuildIndependentTargetsInParallel = 1;
				LastSwiftUpdateCheck = 1320;
				LastUpgradeCheck = 1320;
				TargetAttributes = {
					44C3307727A594E80063D503 = {
						CreatedOnToolsVersion = 13.2.1;
					};
					44C3309027A594EF0063D503 = {
						CreatedOnToolsVersion = 13.2.1;
						TestTargetID = 44C3307727A594E80063D503;
					};
					44C3309A27A594EF0063D503 = {
						CreatedOnToolsVersion = 13.2.1;
						TestTargetID = 44C3307727A594E80063D503;
					};
				};
			};
			buildConfigurationList = 44C3307327A594E80063D503 /* Build configuration list for PBXProject "CodingChallenge" */;
			compatibilityVersion = "Xcode 13.0";
			developmentRegion = en;
			hasScannedForEncodings = 0;
			knownRegions = (
				en,
				Base,
			);
			mainGroup = 44C3306F27A594E80063D503;
			productRefGroup = 44C3307927A594E80063D503 /* Products */;
			projectDirPath = "";
			projectRoot = "";
			targets = (
				44C3307727A594E80063D503 /* CodingChallenge */,
				44C3309027A594EF0063D503 /* CodingChallengeTests */,
				44C3309A27A594EF0063D503 /* CodingChallengeUITests */,
			);
		};
/* End PBXProject section */

/* Begin PBXResourcesBuildPhase section */
		44C3307627A594E80063D503 /* Resources */ = {
			isa = PBXResourcesBuildPhase;
			buildActionMask = 2147483647;
			files = (
				44C3308B27A594EE0063D503 /* LaunchScreen.storyboard in Resources */,
				447A638427A6B93700230E70 /* PhotoCollectionViewCell.xib in Resources */,
				44BC5A4B27AAAAD20046E491 /* Assets.xcassets in Resources */,
				44C3308327A594E80063D503 /* Main.storyboard in Resources */,
			);
			runOnlyForDeploymentPostprocessing = 0;
		};
		44C3308F27A594EF0063D503 /* Resources */ = {
			isa = PBXResourcesBuildPhase;
			buildActionMask = 2147483647;
			files = (
			);
			runOnlyForDeploymentPostprocessing = 0;
		};
		44C3309927A594EF0063D503 /* Resources */ = {
			isa = PBXResourcesBuildPhase;
			buildActionMask = 2147483647;
			files = (
			);
			runOnlyForDeploymentPostprocessing = 0;
		};
/* End PBXResourcesBuildPhase section */

/* Begin PBXSourcesBuildPhase section */
		44C3307427A594E80063D503 /* Sources */ = {
			isa = PBXSourcesBuildPhase;
			buildActionMask = 2147483647;
			files = (
				44C330B327A5A9590063D503 /* Photo.swift in Sources */,
				44C3308027A594E80063D503 /* HomeViewController.swift in Sources */,
				44C3307C27A594E80063D503 /* AppDelegate.swift in Sources */,
				44B9403A27A8227500CD42C2 /* Searched.swift in Sources */,
				44C3307E27A594E80063D503 /* SceneDelegate.swift in Sources */,
				44BC5A4D27AB2BF70046E491 /* DetailImageViewController.swift in Sources */,
				44B9403827A8186100CD42C2 /* Response.swift in Sources */,
				447A638327A6B93700230E70 /* PhotoCollectionViewCell.swift in Sources */,
				447A638627A6E58700230E70 /* PhotoViewModel.swift in Sources */,
				44B9403C27A84D4E00CD42C2 /* HistoryTableViewController.swift in Sources */,
				44C3308627A594E80063D503 /* CodingChallenge.xcdatamodeld in Sources */,
				44B9403627A8185600CD42C2 /* Error.swift in Sources */,
				44B9403E27A84D7900CD42C2 /* HistoryViewModel.swift in Sources */,
				44C330B027A595FA0063D503 /* API.swift in Sources */,
			);
			runOnlyForDeploymentPostprocessing = 0;
		};
		44C3308D27A594EF0063D503 /* Sources */ = {
			isa = PBXSourcesBuildPhase;
			buildActionMask = 2147483647;
			files = (
				44C3309627A594EF0063D503 /* CodingChallengeTests.swift in Sources */,
			);
			runOnlyForDeploymentPostprocessing = 0;
		};
		44C3309727A594EF0063D503 /* Sources */ = {
			isa = PBXSourcesBuildPhase;
			buildActionMask = 2147483647;
			files = (
				44C330A227A594EF0063D503 /* CodingChallengeUITestsLaunchTests.swift in Sources */,
				44C330A027A594EF0063D503 /* CodingChallengeUITests.swift in Sources */,
			);
			runOnlyForDeploymentPostprocessing = 0;
		};
/* End PBXSourcesBuildPhase section */

/* Begin PBXTargetDependency section */
		44C3309327A594EF0063D503 /* PBXTargetDependency */ = {
			isa = PBXTargetDependency;
			target = 44C3307727A594E80063D503 /* CodingChallenge */;
			targetProxy = 44C3309227A594EF0063D503 /* PBXContainerItemProxy */;
		};
		44C3309D27A594EF0063D503 /* PBXTargetDependency */ = {
			isa = PBXTargetDependency;
			target = 44C3307727A594E80063D503 /* CodingChallenge */;
			targetProxy = 44C3309C27A594EF0063D503 /* PBXContainerItemProxy */;
		};
/* End PBXTargetDependency section */

/* Begin PBXVariantGroup section */
		44C3308127A594E80063D503 /* Main.storyboard */ = {
			isa = PBXVariantGroup;
			children = (
				44C3308227A594E80063D503 /* Base */,
			);
			name = Main.storyboard;
			sourceTree = "<group>";
		};
		44C3308927A594EE0063D503 /* LaunchScreen.storyboard */ = {
			isa = PBXVariantGroup;
			children = (
				44C3308A27A594EE0063D503 /* Base */,
			);
			name = LaunchScreen.storyboard;
			sourceTree = "<group>";
		};
/* End PBXVariantGroup section */

/* Begin XCBuildConfiguration section */
		44C330A327A594EF0063D503 /* Debug */ = {
			isa = XCBuildConfiguration;
			buildSettings = {
				ALWAYS_SEARCH_USER_PATHS = NO;
				CLANG_ANALYZER_NONNULL = YES;
				CLANG_ANALYZER_NUMBER_OBJECT_CONVERSION = YES_AGGRESSIVE;
				CLANG_CXX_LANGUAGE_STANDARD = "gnu++17";
				CLANG_CXX_LIBRARY = "libc++";
				CLANG_ENABLE_MODULES = YES;
				CLANG_ENABLE_OBJC_ARC = YES;
				CLANG_ENABLE_OBJC_WEAK = YES;
				CLANG_WARN_BLOCK_CAPTURE_AUTORELEASING = YES;
				CLANG_WARN_BOOL_CONVERSION = YES;
				CLANG_WARN_COMMA = YES;
				CLANG_WARN_CONSTANT_CONVERSION = YES;
				CLANG_WARN_DEPRECATED_OBJC_IMPLEMENTATIONS = YES;
				CLANG_WARN_DIRECT_OBJC_ISA_USAGE = YES_ERROR;
				CLANG_WARN_DOCUMENTATION_COMMENTS = YES;
				CLANG_WARN_EMPTY_BODY = YES;
				CLANG_WARN_ENUM_CONVERSION = YES;
				CLANG_WARN_INFINITE_RECURSION = YES;
				CLANG_WARN_INT_CONVERSION = YES;
				CLANG_WARN_NON_LITERAL_NULL_CONVERSION = YES;
				CLANG_WARN_OBJC_IMPLICIT_RETAIN_SELF = YES;
				CLANG_WARN_OBJC_LITERAL_CONVERSION = YES;
				CLANG_WARN_OBJC_ROOT_CLASS = YES_ERROR;
				CLANG_WARN_QUOTED_INCLUDE_IN_FRAMEWORK_HEADER = YES;
				CLANG_WARN_RANGE_LOOP_ANALYSIS = YES;
				CLANG_WARN_STRICT_PROTOTYPES = YES;
				CLANG_WARN_SUSPICIOUS_MOVE = YES;
				CLANG_WARN_UNGUARDED_AVAILABILITY = YES_AGGRESSIVE;
				CLANG_WARN_UNREACHABLE_CODE = YES;
				CLANG_WARN__DUPLICATE_METHOD_MATCH = YES;
				COPY_PHASE_STRIP = NO;
				DEBUG_INFORMATION_FORMAT = dwarf;
				ENABLE_STRICT_OBJC_MSGSEND = YES;
				ENABLE_TESTABILITY = YES;
				GCC_C_LANGUAGE_STANDARD = gnu11;
				GCC_DYNAMIC_NO_PIC = NO;
				GCC_NO_COMMON_BLOCKS = YES;
				GCC_OPTIMIZATION_LEVEL = 0;
				GCC_PREPROCESSOR_DEFINITIONS = (
					"DEBUG=1",
					"$(inherited)",
				);
				GCC_WARN_64_TO_32_BIT_CONVERSION = YES;
				GCC_WARN_ABOUT_RETURN_TYPE = YES_ERROR;
				GCC_WARN_UNDECLARED_SELECTOR = YES;
				GCC_WARN_UNINITIALIZED_AUTOS = YES_AGGRESSIVE;
				GCC_WARN_UNUSED_FUNCTION = YES;
				GCC_WARN_UNUSED_VARIABLE = YES;
				IPHONEOS_DEPLOYMENT_TARGET = 15.2;
				MTL_ENABLE_DEBUG_INFO = INCLUDE_SOURCE;
				MTL_FAST_MATH = YES;
				ONLY_ACTIVE_ARCH = YES;
				SDKROOT = iphoneos;
				SWIFT_ACTIVE_COMPILATION_CONDITIONS = DEBUG;
				SWIFT_OPTIMIZATION_LEVEL = "-Onone";
			};
			name = Debug;
		};
		44C330A427A594EF0063D503 /* Release */ = {
			isa = XCBuildConfiguration;
			buildSettings = {
				ALWAYS_SEARCH_USER_PATHS = NO;
				CLANG_ANALYZER_NONNULL = YES;
				CLANG_ANALYZER_NUMBER_OBJECT_CONVERSION = YES_AGGRESSIVE;
				CLANG_CXX_LANGUAGE_STANDARD = "gnu++17";
				CLANG_CXX_LIBRARY = "libc++";
				CLANG_ENABLE_MODULES = YES;
				CLANG_ENABLE_OBJC_ARC = YES;
				CLANG_ENABLE_OBJC_WEAK = YES;
				CLANG_WARN_BLOCK_CAPTURE_AUTORELEASING = YES;
				CLANG_WARN_BOOL_CONVERSION = YES;
				CLANG_WARN_COMMA = YES;
				CLANG_WARN_CONSTANT_CONVERSION = YES;
				CLANG_WARN_DEPRECATED_OBJC_IMPLEMENTATIONS = YES;
				CLANG_WARN_DIRECT_OBJC_ISA_USAGE = YES_ERROR;
				CLANG_WARN_DOCUMENTATION_COMMENTS = YES;
				CLANG_WARN_EMPTY_BODY = YES;
				CLANG_WARN_ENUM_CONVERSION = YES;
				CLANG_WARN_INFINITE_RECURSION = YES;
				CLANG_WARN_INT_CONVERSION = YES;
				CLANG_WARN_NON_LITERAL_NULL_CONVERSION = YES;
				CLANG_WARN_OBJC_IMPLICIT_RETAIN_SELF = YES;
				CLANG_WARN_OBJC_LITERAL_CONVERSION = YES;
				CLANG_WARN_OBJC_ROOT_CLASS = YES_ERROR;
				CLANG_WARN_QUOTED_INCLUDE_IN_FRAMEWORK_HEADER = YES;
				CLANG_WARN_RANGE_LOOP_ANALYSIS = YES;
				CLANG_WARN_STRICT_PROTOTYPES = YES;
				CLANG_WARN_SUSPICIOUS_MOVE = YES;
				CLANG_WARN_UNGUARDED_AVAILABILITY = YES_AGGRESSIVE;
				CLANG_WARN_UNREACHABLE_CODE = YES;
				CLANG_WARN__DUPLICATE_METHOD_MATCH = YES;
				COPY_PHASE_STRIP = NO;
				DEBUG_INFORMATION_FORMAT = "dwarf-with-dsym";
				ENABLE_NS_ASSERTIONS = NO;
				ENABLE_STRICT_OBJC_MSGSEND = YES;
				GCC_C_LANGUAGE_STANDARD = gnu11;
				GCC_NO_COMMON_BLOCKS = YES;
				GCC_WARN_64_TO_32_BIT_CONVERSION = YES;
				GCC_WARN_ABOUT_RETURN_TYPE = YES_ERROR;
				GCC_WARN_UNDECLARED_SELECTOR = YES;
				GCC_WARN_UNINITIALIZED_AUTOS = YES_AGGRESSIVE;
				GCC_WARN_UNUSED_FUNCTION = YES;
				GCC_WARN_UNUSED_VARIABLE = YES;
				IPHONEOS_DEPLOYMENT_TARGET = 15.2;
				MTL_ENABLE_DEBUG_INFO = NO;
				MTL_FAST_MATH = YES;
				SDKROOT = iphoneos;
				SWIFT_COMPILATION_MODE = wholemodule;
				SWIFT_OPTIMIZATION_LEVEL = "-O";
				VALIDATE_PRODUCT = YES;
			};
			name = Release;
		};
		44C330A627A594EF0063D503 /* Debug */ = {
			isa = XCBuildConfiguration;
			buildSettings = {
				ASSETCATALOG_COMPILER_APPICON_NAME = AppIcon;
				ASSETCATALOG_COMPILER_GLOBAL_ACCENT_COLOR_NAME = AccentColor;
				CODE_SIGN_STYLE = Automatic;
				CURRENT_PROJECT_VERSION = 1;
				DEVELOPMENT_TEAM = SUCBVJD5QF;
				GENERATE_INFOPLIST_FILE = YES;
				INFOPLIST_FILE = CodingChallenge/Info.plist;
				INFOPLIST_KEY_CFBundleDisplayName = CodingChallenge;
				INFOPLIST_KEY_UIApplicationSupportsIndirectInputEvents = YES;
				INFOPLIST_KEY_UILaunchStoryboardName = LaunchScreen;
				INFOPLIST_KEY_UIMainStoryboardFile = Main;
				INFOPLIST_KEY_UISupportedInterfaceOrientations_iPad = "UIInterfaceOrientationPortrait UIInterfaceOrientationPortraitUpsideDown UIInterfaceOrientationLandscapeLeft UIInterfaceOrientationLandscapeRight";
				INFOPLIST_KEY_UISupportedInterfaceOrientations_iPhone = "UIInterfaceOrientationPortrait UIInterfaceOrientationLandscapeLeft UIInterfaceOrientationLandscapeRight";
				LD_RUNPATH_SEARCH_PATHS = (
					"$(inherited)",
					"@executable_path/Frameworks",
				);
				MARKETING_VERSION = 1.0;
				PRODUCT_BUNDLE_IDENTIFIER = com.josejacobo.CodingChallenge;
				PRODUCT_NAME = "$(TARGET_NAME)";
				SWIFT_EMIT_LOC_STRINGS = YES;
				SWIFT_VERSION = 5.0;
				TARGETED_DEVICE_FAMILY = "1,2";
			};
			name = Debug;
		};
		44C330A727A594EF0063D503 /* Release */ = {
			isa = XCBuildConfiguration;
			buildSettings = {
				ASSETCATALOG_COMPILER_APPICON_NAME = AppIcon;
				ASSETCATALOG_COMPILER_GLOBAL_ACCENT_COLOR_NAME = AccentColor;
				CODE_SIGN_STYLE = Automatic;
				CURRENT_PROJECT_VERSION = 1;
				DEVELOPMENT_TEAM = SUCBVJD5QF;
				GENERATE_INFOPLIST_FILE = YES;
				INFOPLIST_FILE = CodingChallenge/Info.plist;
				INFOPLIST_KEY_CFBundleDisplayName = CodingChallenge;
				INFOPLIST_KEY_UIApplicationSupportsIndirectInputEvents = YES;
				INFOPLIST_KEY_UILaunchStoryboardName = LaunchScreen;
				INFOPLIST_KEY_UIMainStoryboardFile = Main;
				INFOPLIST_KEY_UISupportedInterfaceOrientations_iPad = "UIInterfaceOrientationPortrait UIInterfaceOrientationPortraitUpsideDown UIInterfaceOrientationLandscapeLeft UIInterfaceOrientationLandscapeRight";
				INFOPLIST_KEY_UISupportedInterfaceOrientations_iPhone = "UIInterfaceOrientationPortrait UIInterfaceOrientationLandscapeLeft UIInterfaceOrientationLandscapeRight";
				LD_RUNPATH_SEARCH_PATHS = (
					"$(inherited)",
					"@executable_path/Frameworks",
				);
				MARKETING_VERSION = 1.0;
				PRODUCT_BUNDLE_IDENTIFIER = com.josejacobo.CodingChallenge;
				PRODUCT_NAME = "$(TARGET_NAME)";
				SWIFT_EMIT_LOC_STRINGS = YES;
				SWIFT_VERSION = 5.0;
				TARGETED_DEVICE_FAMILY = "1,2";
			};
			name = Release;
		};
		44C330A927A594EF0063D503 /* Debug */ = {
			isa = XCBuildConfiguration;
			buildSettings = {
				ALWAYS_EMBED_SWIFT_STANDARD_LIBRARIES = YES;
				BUNDLE_LOADER = "$(TEST_HOST)";
				CODE_SIGN_STYLE = Automatic;
				CURRENT_PROJECT_VERSION = 1;
				DEVELOPMENT_TEAM = SUCBVJD5QF;
				GENERATE_INFOPLIST_FILE = YES;
				IPHONEOS_DEPLOYMENT_TARGET = 15.2;
				MARKETING_VERSION = 1.0;
				PRODUCT_BUNDLE_IDENTIFIER = com.josejacobo.CodingChallengeTests;
				PRODUCT_NAME = "$(TARGET_NAME)";
				SWIFT_EMIT_LOC_STRINGS = NO;
				SWIFT_VERSION = 5.0;
				TARGETED_DEVICE_FAMILY = "1,2";
				TEST_HOST = "$(BUILT_PRODUCTS_DIR)/CodingChallenge.app/CodingChallenge";
			};
			name = Debug;
		};
		44C330AA27A594EF0063D503 /* Release */ = {
			isa = XCBuildConfiguration;
			buildSettings = {
				ALWAYS_EMBED_SWIFT_STANDARD_LIBRARIES = YES;
				BUNDLE_LOADER = "$(TEST_HOST)";
				CODE_SIGN_STYLE = Automatic;
				CURRENT_PROJECT_VERSION = 1;
				DEVELOPMENT_TEAM = SUCBVJD5QF;
				GENERATE_INFOPLIST_FILE = YES;
				IPHONEOS_DEPLOYMENT_TARGET = 15.2;
				MARKETING_VERSION = 1.0;
				PRODUCT_BUNDLE_IDENTIFIER = com.josejacobo.CodingChallengeTests;
				PRODUCT_NAME = "$(TARGET_NAME)";
				SWIFT_EMIT_LOC_STRINGS = NO;
				SWIFT_VERSION = 5.0;
				TARGETED_DEVICE_FAMILY = "1,2";
				TEST_HOST = "$(BUILT_PRODUCTS_DIR)/CodingChallenge.app/CodingChallenge";
			};
			name = Release;
		};
		44C330AC27A594EF0063D503 /* Debug */ = {
			isa = XCBuildConfiguration;
			buildSettings = {
				ALWAYS_EMBED_SWIFT_STANDARD_LIBRARIES = YES;
				CODE_SIGN_STYLE = Automatic;
				CURRENT_PROJECT_VERSION = 1;
				DEVELOPMENT_TEAM = SUCBVJD5QF;
				GENERATE_INFOPLIST_FILE = YES;
				MARKETING_VERSION = 1.0;
				PRODUCT_BUNDLE_IDENTIFIER = com.josejacobo.CodingChallengeUITests;
				PRODUCT_NAME = "$(TARGET_NAME)";
				SWIFT_EMIT_LOC_STRINGS = NO;
				SWIFT_VERSION = 5.0;
				TARGETED_DEVICE_FAMILY = "1,2";
				TEST_TARGET_NAME = CodingChallenge;
			};
			name = Debug;
		};
		44C330AD27A594EF0063D503 /* Release */ = {
			isa = XCBuildConfiguration;
			buildSettings = {
				ALWAYS_EMBED_SWIFT_STANDARD_LIBRARIES = YES;
				CODE_SIGN_STYLE = Automatic;
				CURRENT_PROJECT_VERSION = 1;
				DEVELOPMENT_TEAM = SUCBVJD5QF;
				GENERATE_INFOPLIST_FILE = YES;
				MARKETING_VERSION = 1.0;
				PRODUCT_BUNDLE_IDENTIFIER = com.josejacobo.CodingChallengeUITests;
				PRODUCT_NAME = "$(TARGET_NAME)";
				SWIFT_EMIT_LOC_STRINGS = NO;
				SWIFT_VERSION = 5.0;
				TARGETED_DEVICE_FAMILY = "1,2";
				TEST_TARGET_NAME = CodingChallenge;
			};
			name = Release;
		};
/* End XCBuildConfiguration section */

/* Begin XCConfigurationList section */
		44C3307327A594E80063D503 /* Build configuration list for PBXProject "CodingChallenge" */ = {
			isa = XCConfigurationList;
			buildConfigurations = (
				44C330A327A594EF0063D503 /* Debug */,
				44C330A427A594EF0063D503 /* Release */,
			);
			defaultConfigurationIsVisible = 0;
			defaultConfigurationName = Release;
		};
		44C330A527A594EF0063D503 /* Build configuration list for PBXNativeTarget "CodingChallenge" */ = {
			isa = XCConfigurationList;
			buildConfigurations = (
				44C330A627A594EF0063D503 /* Debug */,
				44C330A727A594EF0063D503 /* Release */,
			);
			defaultConfigurationIsVisible = 0;
			defaultConfigurationName = Release;
		};
		44C330A827A594EF0063D503 /* Build configuration list for PBXNativeTarget "CodingChallengeTests" */ = {
			isa = XCConfigurationList;
			buildConfigurations = (
				44C330A927A594EF0063D503 /* Debug */,
				44C330AA27A594EF0063D503 /* Release */,
			);
			defaultConfigurationIsVisible = 0;
			defaultConfigurationName = Release;
		};
		44C330AB27A594EF0063D503 /* Build configuration list for PBXNativeTarget "CodingChallengeUITests" */ = {
			isa = XCConfigurationList;
			buildConfigurations = (
				44C330AC27A594EF0063D503 /* Debug */,
				44C330AD27A594EF0063D503 /* Release */,
			);
			defaultConfigurationIsVisible = 0;
			defaultConfigurationName = Release;
		};
/* End XCConfigurationList section */

/* Begin XCVersionGroup section */
		44C3308427A594E80063D503 /* CodingChallenge.xcdatamodeld */ = {
			isa = XCVersionGroup;
			children = (
				44C3308527A594E80063D503 /* CodingChallenge.xcdatamodel */,
			);
			currentVersion = 44C3308527A594E80063D503 /* CodingChallenge.xcdatamodel */;
			path = CodingChallenge.xcdatamodeld;
			sourceTree = "<group>";
			versionGroupType = wrapper.xcdatamodel;
		};
/* End XCVersionGroup section */
	};
	rootObject = 44C3307027A594E80063D503 /* Project object */;
}
